
Microsoft Visual Studio Solution File, Format Version 12.00
# Visual Studio 15
VisualStudioVersion = 15.0.27703.2026
MinimumVisualStudioVersion = 10.0.40219.1
Project("{FAE04EC0-301F-11D3-BF4B-00C04F79EFBC}") = "WindowsFormsApp2", "WindowsFormsApp2\WindowsFormsApp2.csproj", "{3D51B2AE-9EA6-426B-99C7-6F7E0CE4244E}"
EndProject
Project("{FAE04EC0-301F-11D3-BF4B-00C04F79EFBC}") = "Aga.Controls", "Aga.Controls\Aga.Controls.csproj", "{E73BB233-D88B-44A7-A98F-D71EE158381D}"
EndProject
Global
	GlobalSection(Performance) = preSolution
		HasPerformanceSessions = true
	EndGlobalSection
	GlobalSection(SolutionConfigurationPlatforms) = preSolution
		Debug|Any CPU = Debug|Any CPU
		Release|Any CPU = Release|Any CPU
	EndGlobalSection
	GlobalSection(ProjectConfigurationPlatforms) = postSolution
		{3D51B2AE-9EA6-426B-99C7-6F7E0CE4244E}.Debug|Any CPU.ActiveCfg = Debug|Any CPU
		{3D51B2AE-9EA6-426B-99C7-6F7E0CE4244E}.Debug|Any CPU.Build.0 = Debug|Any CPU
		{3D51B2AE-9EA6-426B-99C7-6F7E0CE4244E}.Release|Any CPU.ActiveCfg = Release|Any CPU
		{3D51B2AE-9EA6-426B-99C7-6F7E0CE4244E}.Release|Any CPU.Build.0 = Release|Any CPU
		{E73BB233-D88B-44A7-A98F-D71EE158381D}.Debug|Any CPU.ActiveCfg = Debug|Any CPU
		{E73BB233-D88B-44A7-A98F-D71EE158381D}.Debug|Any CPU.Build.0 = Debug|Any CPU
		{E73BB233-D88B-44A7-A98F-D71EE158381D}.Release|Any CPU.ActiveCfg = Release|Any CPU
		{E73BB233-D88B-44A7-A98F-D71EE158381D}.Release|Any CPU.Build.0 = Release|Any CPU
	EndGlobalSection
	GlobalSection(SolutionProperties) = preSolution
		HideSolutionNode = FALSE
	EndGlobalSection
	GlobalSection(ExtensibilityGlobals) = postSolution
		SolutionGuid = {3B54BE32-450D-40C4-BE7D-0DC4B751430E}
	EndGlobalSection
EndGlobal
